
Microsoft Visual Studio Solution File, Format Version 12.00
# Visual Studio Version 17
VisualStudioVersion = 17.7.34302.85
MinimumVisualStudioVersion = 10.0.40219.1
Project("{FAE04EC0-301F-11D3-BF4B-00C04F79EFBC}") = "MVCIntroDemo", "MVCIntroDemo\MVCIntroDemo.csproj", "{2AD03591-03A8-4634-B52B-9BB81A5075A4}"
EndProject
Global
	GlobalSection(SolutionConfigurationPlatforms) = preSolution
		Debug|Any CPU = Debug|Any CPU
		Release|Any CPU = Release|Any CPU
	EndGlobalSection
	GlobalSection(ProjectConfigurationPlatforms) = postSolution
		{2AD03591-03A8-4634-B52B-9BB81A5075A4}.Debug|Any CPU.ActiveCfg = Debug|Any CPU
		{2AD03591-03A8-4634-B52B-9BB81A5075A4}.Debug|Any CPU.Build.0 = Debug|Any CPU
		{2AD03591-03A8-4634-B52B-9BB81A5075A4}.Release|Any CPU.ActiveCfg = Release|Any CPU
		{2AD03591-03A8-4634-B52B-9BB81A5075A4}.Release|Any CPU.Build.0 = Release|Any CPU
	EndGlobalSection
	GlobalSection(SolutionProperties) = preSolution
		HideSolutionNode = FALSE
	EndGlobalSection
	GlobalSection(ExtensibilityGlobals) = postSolution
		SolutionGuid = {57711EAD-D017-43A5-8A99-1C53C9F1F3A9}
	EndGlobalSection
EndGlobal
