
Microsoft Visual Studio Solution File, Format Version 12.00
# Visual Studio Version 17
VisualStudioVersion = 17.7.34302.85
MinimumVisualStudioVersion = 10.0.40219.1
Project("{FAE04EC0-301F-11D3-BF4B-00C04F79EFBC}") = "SimpleChatApp", "SimpleChatApp\SimpleChatApp.csproj", "{7E178D79-C298-43FD-9C6A-30775EDCBCFD}"
EndProject
Global
	GlobalSection(SolutionConfigurationPlatforms) = preSolution
		Debug|Any CPU = Debug|Any CPU
		Release|Any CPU = Release|Any CPU
	EndGlobalSection
	GlobalSection(ProjectConfigurationPlatforms) = postSolution
		{7E178D79-C298-43FD-9C6A-30775EDCBCFD}.Debug|Any CPU.ActiveCfg = Debug|Any CPU
		{7E178D79-C298-43FD-9C6A-30775EDCBCFD}.Debug|Any CPU.Build.0 = Debug|Any CPU
		{7E178D79-C298-43FD-9C6A-30775EDCBCFD}.Release|Any CPU.ActiveCfg = Release|Any CPU
		{7E178D79-C298-43FD-9C6A-30775EDCBCFD}.Release|Any CPU.Build.0 = Release|Any CPU
	EndGlobalSection
	GlobalSection(SolutionProperties) = preSolution
		HideSolutionNode = FALSE
	EndGlobalSection
	GlobalSection(ExtensibilityGlobals) = postSolution
		SolutionGuid = {AA943668-6A14-4400-BD2D-895254B352DA}
	EndGlobalSection
EndGlobal
